
Microsoft Visual Studio Solution File, Format Version 12.00
# Visual Studio Version 16
VisualStudioVersion = 25.0.1706.7
MinimumVisualStudioVersion = 10.0.40219.1
Project("{FAE04EC0-301F-11D3-BF4B-00C04F79EFBC}") = "BE_tasteal", "BE_tasteal.csproj", "{76FC698B-7898-4FE6-937B-EE7537F9BA8F}"
EndProject
Global
	GlobalSection(SolutionConfigurationPlatforms) = preSolution
		Debug|Any CPU = Debug|Any CPU
		Release|Any CPU = Release|Any CPU
	EndGlobalSection
	GlobalSection(ProjectConfigurationPlatforms) = postSolution
		{76FC698B-7898-4FE6-937B-EE7537F9BA8F}.Debug|Any CPU.ActiveCfg = Debug|Any CPU
		{76FC698B-7898-4FE6-937B-EE7537F9BA8F}.Debug|Any CPU.Build.0 = Debug|Any CPU
		{76FC698B-7898-4FE6-937B-EE7537F9BA8F}.Release|Any CPU.ActiveCfg = Release|Any CPU
		{76FC698B-7898-4FE6-937B-EE7537F9BA8F}.Release|Any CPU.Build.0 = Release|Any CPU
	EndGlobalSection
	GlobalSection(SolutionProperties) = preSolution
		HideSolutionNode = FALSE
	EndGlobalSection
	GlobalSection(ExtensibilityGlobals) = postSolution
		SolutionGuid = {808A3E92-D513-4A20-9AFF-36934A80B8AF}
	EndGlobalSection
	GlobalSection(MonoDevelopProperties) = preSolution
		outputpath = .
	EndGlobalSection
EndGlobal
